
Microsoft Visual Studio Solution File, Format Version 12.00
# Visual Studio Version 16
VisualStudioVersion = 16.0.31019.35
MinimumVisualStudioVersion = 10.0.40219.1
Project("{FAE04EC0-301F-11D3-BF4B-00C04F79EFBC}") = "15_05_Quest", "15_05_Quest.csproj", "{30B67D70-9568-4A6A-810E-3408B59CA9F6}"
EndProject
Global
	GlobalSection(SolutionConfigurationPlatforms) = preSolution
		Debug|Any CPU = Debug|Any CPU
		Release|Any CPU = Release|Any CPU
	EndGlobalSection
	GlobalSection(ProjectConfigurationPlatforms) = postSolution
		{30B67D70-9568-4A6A-810E-3408B59CA9F6}.Debug|Any CPU.ActiveCfg = Debug|Any CPU
		{30B67D70-9568-4A6A-810E-3408B59CA9F6}.Debug|Any CPU.Build.0 = Debug|Any CPU
		{30B67D70-9568-4A6A-810E-3408B59CA9F6}.Release|Any CPU.ActiveCfg = Release|Any CPU
		{30B67D70-9568-4A6A-810E-3408B59CA9F6}.Release|Any CPU.Build.0 = Release|Any CPU
	EndGlobalSection
	GlobalSection(SolutionProperties) = preSolution
		HideSolutionNode = FALSE
	EndGlobalSection
	GlobalSection(ExtensibilityGlobals) = postSolution
		SolutionGuid = {1D35BF7F-E0B0-4173-A5F2-0B5BE4EB4203}
	EndGlobalSection
EndGlobal
